
Microsoft Visual Studio Solution File, Format Version 12.00
# Visual Studio Version 16
VisualStudioVersion = 16.0.30413.136
MinimumVisualStudioVersion = 10.0.40219.1
Project("{FAE04EC0-301F-11D3-BF4B-00C04F79EFBC}") = "1.4-Некрасов", "1.4-Некрасов.csproj", "{7FC2E5FC-BFE0-44FC-B76D-AC278A86AEA9}"
EndProject
Global
	GlobalSection(SolutionConfigurationPlatforms) = preSolution
		Debug|Any CPU = Debug|Any CPU
		Release|Any CPU = Release|Any CPU
	EndGlobalSection
	GlobalSection(ProjectConfigurationPlatforms) = postSolution
		{7FC2E5FC-BFE0-44FC-B76D-AC278A86AEA9}.Debug|Any CPU.ActiveCfg = Debug|Any CPU
		{7FC2E5FC-BFE0-44FC-B76D-AC278A86AEA9}.Debug|Any CPU.Build.0 = Debug|Any CPU
		{7FC2E5FC-BFE0-44FC-B76D-AC278A86AEA9}.Release|Any CPU.ActiveCfg = Release|Any CPU
		{7FC2E5FC-BFE0-44FC-B76D-AC278A86AEA9}.Release|Any CPU.Build.0 = Release|Any CPU
	EndGlobalSection
	GlobalSection(SolutionProperties) = preSolution
		HideSolutionNode = FALSE
	EndGlobalSection
	GlobalSection(ExtensibilityGlobals) = postSolution
		SolutionGuid = {08038600-B05E-47E3-BFFA-1E3268FD6957}
	EndGlobalSection
EndGlobal
